
Microsoft Visual Studio Solution File, Format Version 12.00
# Visual Studio Version 17
VisualStudioVersion = 17.7.34024.191
MinimumVisualStudioVersion = 10.0.40219.1
Project("{FAE04EC0-301F-11D3-BF4B-00C04F79EFBC}") = "WpfAdatkotesDatagrid", "WpfAdatkotesDatagrid\WpfAdatkotesDatagrid.csproj", "{3430AFBE-BC42-4F21-888F-FD9AFAEF20E4}"
EndProject
Global
	GlobalSection(SolutionConfigurationPlatforms) = preSolution
		Debug|Any CPU = Debug|Any CPU
		Release|Any CPU = Release|Any CPU
	EndGlobalSection
	GlobalSection(ProjectConfigurationPlatforms) = postSolution
		{3430AFBE-BC42-4F21-888F-FD9AFAEF20E4}.Debug|Any CPU.ActiveCfg = Debug|Any CPU
		{3430AFBE-BC42-4F21-888F-FD9AFAEF20E4}.Debug|Any CPU.Build.0 = Debug|Any CPU
		{3430AFBE-BC42-4F21-888F-FD9AFAEF20E4}.Release|Any CPU.ActiveCfg = Release|Any CPU
		{3430AFBE-BC42-4F21-888F-FD9AFAEF20E4}.Release|Any CPU.Build.0 = Release|Any CPU
	EndGlobalSection
	GlobalSection(SolutionProperties) = preSolution
		HideSolutionNode = FALSE
	EndGlobalSection
	GlobalSection(ExtensibilityGlobals) = postSolution
		SolutionGuid = {6CC5C488-473C-4045-B0B7-102ED4576D00}
	EndGlobalSection
EndGlobal
