
Microsoft Visual Studio Solution File, Format Version 12.00
# Visual Studio Version 17
VisualStudioVersion = 17.11.35222.181
MinimumVisualStudioVersion = 10.0.40219.1
Project("{FAE04EC0-301F-11D3-BF4B-00C04F79EFBC}") = "WpfKutyakEFUnique", "WpfKutyakEFUnique\WpfKutyakEFUnique.csproj", "{7140BB3C-CF23-4809-970A-3361DF87D263}"
EndProject
Global
	GlobalSection(SolutionConfigurationPlatforms) = preSolution
		Debug|Any CPU = Debug|Any CPU
		Release|Any CPU = Release|Any CPU
	EndGlobalSection
	GlobalSection(ProjectConfigurationPlatforms) = postSolution
		{7140BB3C-CF23-4809-970A-3361DF87D263}.Debug|Any CPU.ActiveCfg = Debug|Any CPU
		{7140BB3C-CF23-4809-970A-3361DF87D263}.Debug|Any CPU.Build.0 = Debug|Any CPU
		{7140BB3C-CF23-4809-970A-3361DF87D263}.Release|Any CPU.ActiveCfg = Release|Any CPU
		{7140BB3C-CF23-4809-970A-3361DF87D263}.Release|Any CPU.Build.0 = Release|Any CPU
	EndGlobalSection
	GlobalSection(SolutionProperties) = preSolution
		HideSolutionNode = FALSE
	EndGlobalSection
	GlobalSection(ExtensibilityGlobals) = postSolution
		SolutionGuid = {1D31E099-416F-405E-8F64-696097120809}
	EndGlobalSection
EndGlobal
