
Microsoft Visual Studio Solution File, Format Version 12.00
# Visual Studio Version 17
VisualStudioVersion = 17.11.35222.181
MinimumVisualStudioVersion = 10.0.40219.1
Project("{FAE04EC0-301F-11D3-BF4B-00C04F79EFBC}") = "MauiRandom", "MauiRandom\MauiRandom.csproj", "{F61644E2-7E8B-4371-9AB7-656FB55F925B}"
EndProject
Global
	GlobalSection(SolutionConfigurationPlatforms) = preSolution
		Debug|Any CPU = Debug|Any CPU
		Release|Any CPU = Release|Any CPU
	EndGlobalSection
	GlobalSection(ProjectConfigurationPlatforms) = postSolution
		{F61644E2-7E8B-4371-9AB7-656FB55F925B}.Debug|Any CPU.ActiveCfg = Debug|Any CPU
		{F61644E2-7E8B-4371-9AB7-656FB55F925B}.Debug|Any CPU.Build.0 = Debug|Any CPU
		{F61644E2-7E8B-4371-9AB7-656FB55F925B}.Debug|Any CPU.Deploy.0 = Debug|Any CPU
		{F61644E2-7E8B-4371-9AB7-656FB55F925B}.Release|Any CPU.ActiveCfg = Release|Any CPU
		{F61644E2-7E8B-4371-9AB7-656FB55F925B}.Release|Any CPU.Build.0 = Release|Any CPU
		{F61644E2-7E8B-4371-9AB7-656FB55F925B}.Release|Any CPU.Deploy.0 = Release|Any CPU
	EndGlobalSection
	GlobalSection(SolutionProperties) = preSolution
		HideSolutionNode = FALSE
	EndGlobalSection
	GlobalSection(ExtensibilityGlobals) = postSolution
		SolutionGuid = {27296CEF-78D9-4251-A4C1-C1FF33C6E346}
	EndGlobalSection
EndGlobal
