
Microsoft Visual Studio Solution File, Format Version 12.00
# Visual Studio Version 16
VisualStudioVersion = 16.0.31624.102
MinimumVisualStudioVersion = 10.0.40219.1
Project("{FAE04EC0-301F-11D3-BF4B-00C04F79EFBC}") = "WpfJelszoGenerator", "WpfJelszoGenerator\WpfJelszoGenerator.csproj", "{48309D68-C751-4CDD-A741-D6D94B2CF1DF}"
EndProject
Global
	GlobalSection(SolutionConfigurationPlatforms) = preSolution
		Debug|Any CPU = Debug|Any CPU
		Release|Any CPU = Release|Any CPU
	EndGlobalSection
	GlobalSection(ProjectConfigurationPlatforms) = postSolution
		{48309D68-C751-4CDD-A741-D6D94B2CF1DF}.Debug|Any CPU.ActiveCfg = Debug|Any CPU
		{48309D68-C751-4CDD-A741-D6D94B2CF1DF}.Debug|Any CPU.Build.0 = Debug|Any CPU
		{48309D68-C751-4CDD-A741-D6D94B2CF1DF}.Release|Any CPU.ActiveCfg = Release|Any CPU
		{48309D68-C751-4CDD-A741-D6D94B2CF1DF}.Release|Any CPU.Build.0 = Release|Any CPU
	EndGlobalSection
	GlobalSection(SolutionProperties) = preSolution
		HideSolutionNode = FALSE
	EndGlobalSection
	GlobalSection(ExtensibilityGlobals) = postSolution
		SolutionGuid = {B636BF99-A308-41F1-B9CE-A1CE879D50CF}
	EndGlobalSection
EndGlobal
