
Microsoft Visual Studio Solution File, Format Version 12.00
# Visual Studio Version 17
VisualStudioVersion = 17.13.35828.75 d17.13
MinimumVisualStudioVersion = 10.0.40219.1
Project("{FAE04EC0-301F-11D3-BF4B-00C04F79EFBC}") = "Futasido_komplexitas", "Futasido_komplexitas\Futasido_komplexitas.csproj", "{5AACDD75-96D3-4AF3-BD3A-3D75FE8AE9B6}"
EndProject
Project("{FAE04EC0-301F-11D3-BF4B-00C04F79EFBC}") = "Keresesek", "Keresesek\Keresesek.csproj", "{7C700448-FE08-472A-AD6E-DA6C9EA83C10}"
EndProject
Project("{FAE04EC0-301F-11D3-BF4B-00C04F79EFBC}") = "Rekurzio", "Rekurzio\Rekurzio.csproj", "{A3461969-82E1-48E5-9A28-9F0B895EF8A8}"
EndProject
Global
	GlobalSection(SolutionConfigurationPlatforms) = preSolution
		Debug|Any CPU = Debug|Any CPU
		Release|Any CPU = Release|Any CPU
	EndGlobalSection
	GlobalSection(ProjectConfigurationPlatforms) = postSolution
		{5AACDD75-96D3-4AF3-BD3A-3D75FE8AE9B6}.Debug|Any CPU.ActiveCfg = Debug|Any CPU
		{5AACDD75-96D3-4AF3-BD3A-3D75FE8AE9B6}.Debug|Any CPU.Build.0 = Debug|Any CPU
		{5AACDD75-96D3-4AF3-BD3A-3D75FE8AE9B6}.Release|Any CPU.ActiveCfg = Release|Any CPU
		{5AACDD75-96D3-4AF3-BD3A-3D75FE8AE9B6}.Release|Any CPU.Build.0 = Release|Any CPU
		{7C700448-FE08-472A-AD6E-DA6C9EA83C10}.Debug|Any CPU.ActiveCfg = Debug|Any CPU
		{7C700448-FE08-472A-AD6E-DA6C9EA83C10}.Debug|Any CPU.Build.0 = Debug|Any CPU
		{7C700448-FE08-472A-AD6E-DA6C9EA83C10}.Release|Any CPU.ActiveCfg = Release|Any CPU
		{7C700448-FE08-472A-AD6E-DA6C9EA83C10}.Release|Any CPU.Build.0 = Release|Any CPU
		{A3461969-82E1-48E5-9A28-9F0B895EF8A8}.Debug|Any CPU.ActiveCfg = Debug|Any CPU
		{A3461969-82E1-48E5-9A28-9F0B895EF8A8}.Debug|Any CPU.Build.0 = Debug|Any CPU
		{A3461969-82E1-48E5-9A28-9F0B895EF8A8}.Release|Any CPU.ActiveCfg = Release|Any CPU
		{A3461969-82E1-48E5-9A28-9F0B895EF8A8}.Release|Any CPU.Build.0 = Release|Any CPU
	EndGlobalSection
	GlobalSection(SolutionProperties) = preSolution
		HideSolutionNode = FALSE
	EndGlobalSection
	GlobalSection(ExtensibilityGlobals) = postSolution
		SolutionGuid = {84183978-41CC-42CA-8418-F06573B3CC1B}
	EndGlobalSection
EndGlobal
