
Microsoft Visual Studio Solution File, Format Version 12.00
# Visual Studio Version 17
VisualStudioVersion = 17.7.34024.191
MinimumVisualStudioVersion = 10.0.40219.1
Project("{FAE04EC0-301F-11D3-BF4B-00C04F79EFBC}") = "WpfAdatkotes", "WpfAdatkotes\WpfAdatkotes.csproj", "{4A172096-8D22-4B84-9AC7-09E942662735}"
EndProject
Project("{FAE04EC0-301F-11D3-BF4B-00C04F79EFBC}") = "WpfBindingInotify", "WpfBindingInotify\WpfBindingInotify.csproj", "{FDD77C1F-41C0-4E7E-B0C0-879130944D99}"
EndProject
Project("{FAE04EC0-301F-11D3-BF4B-00C04F79EFBC}") = "WpfBindingFody", "WpfBindingFody\WpfBindingFody.csproj", "{EC7B440F-53CD-4AA3-BE76-016988617E26}"
EndProject
Global
	GlobalSection(SolutionConfigurationPlatforms) = preSolution
		Debug|Any CPU = Debug|Any CPU
		Release|Any CPU = Release|Any CPU
	EndGlobalSection
	GlobalSection(ProjectConfigurationPlatforms) = postSolution
		{4A172096-8D22-4B84-9AC7-09E942662735}.Debug|Any CPU.ActiveCfg = Debug|Any CPU
		{4A172096-8D22-4B84-9AC7-09E942662735}.Debug|Any CPU.Build.0 = Debug|Any CPU
		{4A172096-8D22-4B84-9AC7-09E942662735}.Release|Any CPU.ActiveCfg = Release|Any CPU
		{4A172096-8D22-4B84-9AC7-09E942662735}.Release|Any CPU.Build.0 = Release|Any CPU
		{FDD77C1F-41C0-4E7E-B0C0-879130944D99}.Debug|Any CPU.ActiveCfg = Debug|Any CPU
		{FDD77C1F-41C0-4E7E-B0C0-879130944D99}.Debug|Any CPU.Build.0 = Debug|Any CPU
		{FDD77C1F-41C0-4E7E-B0C0-879130944D99}.Release|Any CPU.ActiveCfg = Release|Any CPU
		{FDD77C1F-41C0-4E7E-B0C0-879130944D99}.Release|Any CPU.Build.0 = Release|Any CPU
		{EC7B440F-53CD-4AA3-BE76-016988617E26}.Debug|Any CPU.ActiveCfg = Debug|Any CPU
		{EC7B440F-53CD-4AA3-BE76-016988617E26}.Debug|Any CPU.Build.0 = Debug|Any CPU
		{EC7B440F-53CD-4AA3-BE76-016988617E26}.Release|Any CPU.ActiveCfg = Release|Any CPU
		{EC7B440F-53CD-4AA3-BE76-016988617E26}.Release|Any CPU.Build.0 = Release|Any CPU
	EndGlobalSection
	GlobalSection(SolutionProperties) = preSolution
		HideSolutionNode = FALSE
	EndGlobalSection
	GlobalSection(ExtensibilityGlobals) = postSolution
		SolutionGuid = {C6BB5049-119E-44DD-ABDA-1111DBDA174D}
	EndGlobalSection
EndGlobal
