
Microsoft Visual Studio Solution File, Format Version 12.00
# Visual Studio Version 16
VisualStudioVersion = 16.0.31624.102
MinimumVisualStudioVersion = 10.0.40219.1
Project("{FAE04EC0-301F-11D3-BF4B-00C04F79EFBC}") = "Lotto", "Lotto\Lotto.csproj", "{40635738-F423-45F1-8549-B8D8EAA0B972}"
EndProject
Global
	GlobalSection(SolutionConfigurationPlatforms) = preSolution
		Debug|Any CPU = Debug|Any CPU
		Release|Any CPU = Release|Any CPU
	EndGlobalSection
	GlobalSection(ProjectConfigurationPlatforms) = postSolution
		{40635738-F423-45F1-8549-B8D8EAA0B972}.Debug|Any CPU.ActiveCfg = Debug|Any CPU
		{40635738-F423-45F1-8549-B8D8EAA0B972}.Debug|Any CPU.Build.0 = Debug|Any CPU
		{40635738-F423-45F1-8549-B8D8EAA0B972}.Release|Any CPU.ActiveCfg = Release|Any CPU
		{40635738-F423-45F1-8549-B8D8EAA0B972}.Release|Any CPU.Build.0 = Release|Any CPU
	EndGlobalSection
	GlobalSection(SolutionProperties) = preSolution
		HideSolutionNode = FALSE
	EndGlobalSection
	GlobalSection(ExtensibilityGlobals) = postSolution
		SolutionGuid = {77104A31-1476-4912-8FCC-C25D382494B0}
	EndGlobalSection
EndGlobal
