
Microsoft Visual Studio Solution File, Format Version 12.00
# Visual Studio Version 17
VisualStudioVersion = 17.7.34024.191
MinimumVisualStudioVersion = 10.0.40219.1
Project("{FAE04EC0-301F-11D3-BF4B-00C04F79EFBC}") = "OOP_abstract", "OOP_abstract\OOP_abstract.csproj", "{1B5292E8-92ED-48D1-9ED0-A5ABB20578DC}"
EndProject
Project("{FAE04EC0-301F-11D3-BF4B-00C04F79EFBC}") = "Interfesz", "Interfesz\Interfesz.csproj", "{FD091B5D-4A33-49D3-8DDC-1B4F5476A62C}"
EndProject
Global
	GlobalSection(SolutionConfigurationPlatforms) = preSolution
		Debug|Any CPU = Debug|Any CPU
		Release|Any CPU = Release|Any CPU
	EndGlobalSection
	GlobalSection(ProjectConfigurationPlatforms) = postSolution
		{1B5292E8-92ED-48D1-9ED0-A5ABB20578DC}.Debug|Any CPU.ActiveCfg = Debug|Any CPU
		{1B5292E8-92ED-48D1-9ED0-A5ABB20578DC}.Debug|Any CPU.Build.0 = Debug|Any CPU
		{1B5292E8-92ED-48D1-9ED0-A5ABB20578DC}.Release|Any CPU.ActiveCfg = Release|Any CPU
		{1B5292E8-92ED-48D1-9ED0-A5ABB20578DC}.Release|Any CPU.Build.0 = Release|Any CPU
		{FD091B5D-4A33-49D3-8DDC-1B4F5476A62C}.Debug|Any CPU.ActiveCfg = Debug|Any CPU
		{FD091B5D-4A33-49D3-8DDC-1B4F5476A62C}.Debug|Any CPU.Build.0 = Debug|Any CPU
		{FD091B5D-4A33-49D3-8DDC-1B4F5476A62C}.Release|Any CPU.ActiveCfg = Release|Any CPU
		{FD091B5D-4A33-49D3-8DDC-1B4F5476A62C}.Release|Any CPU.Build.0 = Release|Any CPU
	EndGlobalSection
	GlobalSection(SolutionProperties) = preSolution
		HideSolutionNode = FALSE
	EndGlobalSection
	GlobalSection(ExtensibilityGlobals) = postSolution
		SolutionGuid = {465841B1-BA39-46AC-9A9B-E312EB990B78}
	EndGlobalSection
EndGlobal
