
Microsoft Visual Studio Solution File, Format Version 12.00
# Visual Studio Version 17
VisualStudioVersion = 17.9.34607.119
MinimumVisualStudioVersion = 10.0.40219.1
Project("{FAE04EC0-301F-11D3-BF4B-00C04F79EFBC}") = "HashTeszt", "HashTeszt\HashTeszt.csproj", "{0819C86D-3212-43FB-9399-47434DCE516E}"
EndProject
Project("{FAE04EC0-301F-11D3-BF4B-00C04F79EFBC}") = "NunitTestHash", "NunitTestHash\NunitTestHash.csproj", "{07F1AA09-11B9-448D-815C-29FC02654DC5}"
EndProject
Global
	GlobalSection(SolutionConfigurationPlatforms) = preSolution
		Debug|Any CPU = Debug|Any CPU
		Release|Any CPU = Release|Any CPU
	EndGlobalSection
	GlobalSection(ProjectConfigurationPlatforms) = postSolution
		{0819C86D-3212-43FB-9399-47434DCE516E}.Debug|Any CPU.ActiveCfg = Debug|Any CPU
		{0819C86D-3212-43FB-9399-47434DCE516E}.Debug|Any CPU.Build.0 = Debug|Any CPU
		{0819C86D-3212-43FB-9399-47434DCE516E}.Release|Any CPU.ActiveCfg = Release|Any CPU
		{0819C86D-3212-43FB-9399-47434DCE516E}.Release|Any CPU.Build.0 = Release|Any CPU
		{07F1AA09-11B9-448D-815C-29FC02654DC5}.Debug|Any CPU.ActiveCfg = Debug|Any CPU
		{07F1AA09-11B9-448D-815C-29FC02654DC5}.Debug|Any CPU.Build.0 = Debug|Any CPU
		{07F1AA09-11B9-448D-815C-29FC02654DC5}.Release|Any CPU.ActiveCfg = Release|Any CPU
		{07F1AA09-11B9-448D-815C-29FC02654DC5}.Release|Any CPU.Build.0 = Release|Any CPU
	EndGlobalSection
	GlobalSection(SolutionProperties) = preSolution
		HideSolutionNode = FALSE
	EndGlobalSection
	GlobalSection(ExtensibilityGlobals) = postSolution
		SolutionGuid = {7959D677-F721-4A8A-8D31-91E539F03F1E}
	EndGlobalSection
EndGlobal
