
Microsoft Visual Studio Solution File, Format Version 12.00
# Visual Studio Version 16
VisualStudioVersion = 16.0.31624.102
MinimumVisualStudioVersion = 10.0.40219.1
Project("{FAE04EC0-301F-11D3-BF4B-00C04F79EFBC}") = "Emberek", "Emberek\Emberek.csproj", "{C8EFFDB3-CC24-4E01-822E-3540A568054D}"
EndProject
Global
	GlobalSection(SolutionConfigurationPlatforms) = preSolution
		Debug|Any CPU = Debug|Any CPU
		Release|Any CPU = Release|Any CPU
	EndGlobalSection
	GlobalSection(ProjectConfigurationPlatforms) = postSolution
		{C8EFFDB3-CC24-4E01-822E-3540A568054D}.Debug|Any CPU.ActiveCfg = Debug|Any CPU
		{C8EFFDB3-CC24-4E01-822E-3540A568054D}.Debug|Any CPU.Build.0 = Debug|Any CPU
		{C8EFFDB3-CC24-4E01-822E-3540A568054D}.Release|Any CPU.ActiveCfg = Release|Any CPU
		{C8EFFDB3-CC24-4E01-822E-3540A568054D}.Release|Any CPU.Build.0 = Release|Any CPU
	EndGlobalSection
	GlobalSection(SolutionProperties) = preSolution
		HideSolutionNode = FALSE
	EndGlobalSection
	GlobalSection(ExtensibilityGlobals) = postSolution
		SolutionGuid = {8B2412E6-BD99-4F13-8D16-B40C34DC2AD8}
	EndGlobalSection
EndGlobal
