
Microsoft Visual Studio Solution File, Format Version 12.00
# Visual Studio Version 17
VisualStudioVersion = 17.7.34024.191
MinimumVisualStudioVersion = 10.0.40219.1
Project("{FAE04EC0-301F-11D3-BF4B-00C04F79EFBC}") = "WpfKonverter", "WpfKonverter\WpfKonverter.csproj", "{29E47981-DA1F-4521-85E6-CBC3CE65C600}"
EndProject
Global
	GlobalSection(SolutionConfigurationPlatforms) = preSolution
		Debug|Any CPU = Debug|Any CPU
		Release|Any CPU = Release|Any CPU
	EndGlobalSection
	GlobalSection(ProjectConfigurationPlatforms) = postSolution
		{29E47981-DA1F-4521-85E6-CBC3CE65C600}.Debug|Any CPU.ActiveCfg = Debug|Any CPU
		{29E47981-DA1F-4521-85E6-CBC3CE65C600}.Debug|Any CPU.Build.0 = Debug|Any CPU
		{29E47981-DA1F-4521-85E6-CBC3CE65C600}.Release|Any CPU.ActiveCfg = Release|Any CPU
		{29E47981-DA1F-4521-85E6-CBC3CE65C600}.Release|Any CPU.Build.0 = Release|Any CPU
	EndGlobalSection
	GlobalSection(SolutionProperties) = preSolution
		HideSolutionNode = FALSE
	EndGlobalSection
	GlobalSection(ExtensibilityGlobals) = postSolution
		SolutionGuid = {E0A2E9DC-7B42-4473-953D-3F5ACA9FD726}
	EndGlobalSection
EndGlobal
