
Microsoft Visual Studio Solution File, Format Version 12.00
# Visual Studio Version 17
VisualStudioVersion = 17.7.34024.191
MinimumVisualStudioVersion = 10.0.40219.1
Project("{FAE04EC0-301F-11D3-BF4B-00C04F79EFBC}") = "TesztAlapmuveletek", "TesztOsszeadas\TesztAlapmuveletek.csproj", "{6145C7E0-F754-42ED-866F-72295E0A3BD3}"
EndProject
Project("{FAE04EC0-301F-11D3-BF4B-00C04F79EFBC}") = "Alapmuvelet", "Alapmuvelet\Alapmuvelet.csproj", "{6F81ACEB-407E-4AA3-B827-31911DFEB5F7}"
EndProject
Project("{FAE04EC0-301F-11D3-BF4B-00C04F79EFBC}") = "NunitAlapmuvelet", "NunitAlapmuvelet\NunitAlapmuvelet.csproj", "{6BF43D56-0E94-49D6-BA82-42CE877DA7CD}"
EndProject
Global
	GlobalSection(SolutionConfigurationPlatforms) = preSolution
		Debug|Any CPU = Debug|Any CPU
		Release|Any CPU = Release|Any CPU
	EndGlobalSection
	GlobalSection(ProjectConfigurationPlatforms) = postSolution
		{6145C7E0-F754-42ED-866F-72295E0A3BD3}.Debug|Any CPU.ActiveCfg = Debug|Any CPU
		{6145C7E0-F754-42ED-866F-72295E0A3BD3}.Debug|Any CPU.Build.0 = Debug|Any CPU
		{6145C7E0-F754-42ED-866F-72295E0A3BD3}.Release|Any CPU.ActiveCfg = Release|Any CPU
		{6145C7E0-F754-42ED-866F-72295E0A3BD3}.Release|Any CPU.Build.0 = Release|Any CPU
		{6F81ACEB-407E-4AA3-B827-31911DFEB5F7}.Debug|Any CPU.ActiveCfg = Debug|Any CPU
		{6F81ACEB-407E-4AA3-B827-31911DFEB5F7}.Debug|Any CPU.Build.0 = Debug|Any CPU
		{6F81ACEB-407E-4AA3-B827-31911DFEB5F7}.Release|Any CPU.ActiveCfg = Release|Any CPU
		{6F81ACEB-407E-4AA3-B827-31911DFEB5F7}.Release|Any CPU.Build.0 = Release|Any CPU
		{6BF43D56-0E94-49D6-BA82-42CE877DA7CD}.Debug|Any CPU.ActiveCfg = Debug|Any CPU
		{6BF43D56-0E94-49D6-BA82-42CE877DA7CD}.Debug|Any CPU.Build.0 = Debug|Any CPU
		{6BF43D56-0E94-49D6-BA82-42CE877DA7CD}.Release|Any CPU.ActiveCfg = Release|Any CPU
		{6BF43D56-0E94-49D6-BA82-42CE877DA7CD}.Release|Any CPU.Build.0 = Release|Any CPU
	EndGlobalSection
	GlobalSection(SolutionProperties) = preSolution
		HideSolutionNode = FALSE
	EndGlobalSection
	GlobalSection(ExtensibilityGlobals) = postSolution
		SolutionGuid = {F3B5938C-6110-4C20-B3DF-B2E86C76D720}
	EndGlobalSection
EndGlobal
