
Microsoft Visual Studio Solution File, Format Version 12.00
# Visual Studio Version 16
VisualStudioVersion = 16.0.31624.102
MinimumVisualStudioVersion = 10.0.40219.1
Project("{FAE04EC0-301F-11D3-BF4B-00C04F79EFBC}") = "Alapok", "Alapok\Alapok.csproj", "{B9A3CF63-CCD1-4A3B-93B2-9A94147C1AA4}"
EndProject
Project("{FAE04EC0-301F-11D3-BF4B-00C04F79EFBC}") = "Stringek", "Stringek\Stringek.csproj", "{DADFE01F-6271-462B-A5A0-97C2C289605D}"
EndProject
Global
	GlobalSection(SolutionConfigurationPlatforms) = preSolution
		Debug|Any CPU = Debug|Any CPU
		Release|Any CPU = Release|Any CPU
	EndGlobalSection
	GlobalSection(ProjectConfigurationPlatforms) = postSolution
		{B9A3CF63-CCD1-4A3B-93B2-9A94147C1AA4}.Debug|Any CPU.ActiveCfg = Debug|Any CPU
		{B9A3CF63-CCD1-4A3B-93B2-9A94147C1AA4}.Debug|Any CPU.Build.0 = Debug|Any CPU
		{B9A3CF63-CCD1-4A3B-93B2-9A94147C1AA4}.Release|Any CPU.ActiveCfg = Release|Any CPU
		{B9A3CF63-CCD1-4A3B-93B2-9A94147C1AA4}.Release|Any CPU.Build.0 = Release|Any CPU
		{DADFE01F-6271-462B-A5A0-97C2C289605D}.Debug|Any CPU.ActiveCfg = Debug|Any CPU
		{DADFE01F-6271-462B-A5A0-97C2C289605D}.Debug|Any CPU.Build.0 = Debug|Any CPU
		{DADFE01F-6271-462B-A5A0-97C2C289605D}.Release|Any CPU.ActiveCfg = Release|Any CPU
		{DADFE01F-6271-462B-A5A0-97C2C289605D}.Release|Any CPU.Build.0 = Release|Any CPU
	EndGlobalSection
	GlobalSection(SolutionProperties) = preSolution
		HideSolutionNode = FALSE
	EndGlobalSection
	GlobalSection(ExtensibilityGlobals) = postSolution
		SolutionGuid = {3E758091-842D-47C6-B261-0FB2B3553EB4}
	EndGlobalSection
EndGlobal
