
Microsoft Visual Studio Solution File, Format Version 12.00
# Visual Studio Version 16
VisualStudioVersion = 16.0.31624.102
MinimumVisualStudioVersion = 10.0.40219.1
Project("{FAE04EC0-301F-11D3-BF4B-00C04F79EFBC}") = "Listak", "Listak\Listak.csproj", "{36135985-8780-45E6-A54E-6EC2DA5EFF81}"
EndProject
Global
	GlobalSection(SolutionConfigurationPlatforms) = preSolution
		Debug|Any CPU = Debug|Any CPU
		Release|Any CPU = Release|Any CPU
	EndGlobalSection
	GlobalSection(ProjectConfigurationPlatforms) = postSolution
		{36135985-8780-45E6-A54E-6EC2DA5EFF81}.Debug|Any CPU.ActiveCfg = Debug|Any CPU
		{36135985-8780-45E6-A54E-6EC2DA5EFF81}.Debug|Any CPU.Build.0 = Debug|Any CPU
		{36135985-8780-45E6-A54E-6EC2DA5EFF81}.Release|Any CPU.ActiveCfg = Release|Any CPU
		{36135985-8780-45E6-A54E-6EC2DA5EFF81}.Release|Any CPU.Build.0 = Release|Any CPU
	EndGlobalSection
	GlobalSection(SolutionProperties) = preSolution
		HideSolutionNode = FALSE
	EndGlobalSection
	GlobalSection(ExtensibilityGlobals) = postSolution
		SolutionGuid = {36FF8E0B-CACF-4918-9ECD-FDF43632F5BA}
	EndGlobalSection
EndGlobal
