
Microsoft Visual Studio Solution File, Format Version 12.00
# Visual Studio Version 17
VisualStudioVersion = 17.11.35222.181
MinimumVisualStudioVersion = 10.0.40219.1
Project("{FAE04EC0-301F-11D3-BF4B-00C04F79EFBC}") = "WpfTelekocsi", "WpfTelekocsi\WpfTelekocsi.csproj", "{7F0ECE8D-9BCB-4A3B-9BE9-82B1E50110D6}"
EndProject
Global
	GlobalSection(SolutionConfigurationPlatforms) = preSolution
		Debug|Any CPU = Debug|Any CPU
		Release|Any CPU = Release|Any CPU
	EndGlobalSection
	GlobalSection(ProjectConfigurationPlatforms) = postSolution
		{7F0ECE8D-9BCB-4A3B-9BE9-82B1E50110D6}.Debug|Any CPU.ActiveCfg = Debug|Any CPU
		{7F0ECE8D-9BCB-4A3B-9BE9-82B1E50110D6}.Debug|Any CPU.Build.0 = Debug|Any CPU
		{7F0ECE8D-9BCB-4A3B-9BE9-82B1E50110D6}.Release|Any CPU.ActiveCfg = Release|Any CPU
		{7F0ECE8D-9BCB-4A3B-9BE9-82B1E50110D6}.Release|Any CPU.Build.0 = Release|Any CPU
	EndGlobalSection
	GlobalSection(SolutionProperties) = preSolution
		HideSolutionNode = FALSE
	EndGlobalSection
	GlobalSection(ExtensibilityGlobals) = postSolution
		SolutionGuid = {7759D7EC-2270-400F-9137-F265D86512FD}
	EndGlobalSection
EndGlobal
